
Microsoft Visual Studio Solution File, Format Version 12.00
# Visual Studio Version 16
VisualStudioVersion = 16.0.30804.86
MinimumVisualStudioVersion = 10.0.40219.1
Project("{9A19103F-16F7-4668-BE54-9A1E7A4F7556}") = "MenuBugRepro", "MenuBugRepro\MenuBugRepro.csproj", "{1DFCF45B-9817-45EF-9BBB-9DACA8F3E4E6}"
EndProject
Global
	GlobalSection(SolutionConfigurationPlatforms) = preSolution
		CodeAnalysis|Any CPU = CodeAnalysis|Any CPU
		Debug|Any CPU = Debug|Any CPU
		Release|Any CPU = Release|Any CPU
		Debug (Local server)|Any CPU = Debug (Local server)|Any CPU
		Release - Windows ARM|Any CPU = Release - Windows ARM|Any CPU
	EndGlobalSection
	GlobalSection(ProjectConfigurationPlatforms) = postSolution
		{1DFCF45B-9817-45EF-9BBB-9DACA8F3E4E6}.CodeAnalysis|Any CPU.ActiveCfg = Release|Any CPU
		{1DFCF45B-9817-45EF-9BBB-9DACA8F3E4E6}.CodeAnalysis|Any CPU.Build.0 = Release|Any CPU
		{1DFCF45B-9817-45EF-9BBB-9DACA8F3E4E6}.Debug|Any CPU.ActiveCfg = Debug|Any CPU
		{1DFCF45B-9817-45EF-9BBB-9DACA8F3E4E6}.Debug|Any CPU.Build.0 = Debug|Any CPU
		{1DFCF45B-9817-45EF-9BBB-9DACA8F3E4E6}.Release|Any CPU.ActiveCfg = Release|Any CPU
		{1DFCF45B-9817-45EF-9BBB-9DACA8F3E4E6}.Release|Any CPU.Build.0 = Release|Any CPU
		{1DFCF45B-9817-45EF-9BBB-9DACA8F3E4E6}.Debug (Local server)|Any CPU.ActiveCfg = Debug (Local server)|Any CPU
		{1DFCF45B-9817-45EF-9BBB-9DACA8F3E4E6}.Debug (Local server)|Any CPU.Build.0 = Debug (Local server)|Any CPU
		{1DFCF45B-9817-45EF-9BBB-9DACA8F3E4E6}.Release - Windows ARM|Any CPU.ActiveCfg = Release - Windows ARM|Any CPU
		{1DFCF45B-9817-45EF-9BBB-9DACA8F3E4E6}.Release - Windows ARM|Any CPU.Build.0 = Release - Windows ARM|Any CPU
	EndGlobalSection
	GlobalSection(SolutionProperties) = preSolution
		HideSolutionNode = FALSE
	EndGlobalSection
	GlobalSection(ExtensibilityGlobals) = postSolution
		SolutionGuid = {6D3A5584-3EB4-48A7-83B8-E2F634C747AC}
	EndGlobalSection
EndGlobal
